# This is a Gradle generated file for dependency locking.
# Manual edits can break the build and are not advised.
# This file is expected to be part of source control.
ch.qos.logback:logback-classic:1.1.11=compileClasspath,runtimeClasspath,testCompileClasspath,testRuntimeClasspath
ch.qos.logback:logback-core:1.1.11=compileClasspath,runtimeClasspath,testCompileClasspath,testRuntimeClasspath
com.fasterxml.jackson.core:jackson-annotations:2.8.0=compileClasspath,runtimeClasspath,testCompileClasspath,testRuntimeClasspath
com.fasterxml.jackson.core:jackson-core:2.8.11=compileClasspath,runtimeClasspath,testCompileClasspath,testRuntimeClasspath
com.fasterxml.jackson.core:jackson-databind:2.8.11.3=compileClasspath,runtimeClasspath,testCompileClasspath,testRuntimeClasspath
com.fasterxml.jackson.datatype:jackson-datatype-jsr310:2.8.11=compileClasspath,runtimeClasspath,testCompileClasspath,testRuntimeClasspath
com.fasterxml:classmate:1.3.4=testCompileClasspath,testRuntimeClasspath
com.google.code.findbugs:jsr305:3.0.2=compileClasspath,runtimeClasspath,testCompileClasspath,testRuntimeClasspath
com.jayway.jsonpath:json-path:2.2.0=testCompileClasspath,testRuntimeClasspath
com.jcraft:jsch:0.1.55=runtimeClasspath,testRuntimeClasspath
com.jcraft:jzlib:1.1.3=runtimeClasspath,testRuntimeClasspath
com.vaadin.external.google:android-json:0.0.20131108.vaadin1=testCompileClasspath,testRuntimeClasspath
commons-codec:commons-codec:1.10=compileClasspath,runtimeClasspath,testCompileClasspath,testRuntimeClasspath
de.cronn:reflection-util:2.6.0=compileClasspath,runtimeClasspath,testCompileClasspath,testRuntimeClasspath
de.cronn:ssh-proxy:1.5=compileClasspath,runtimeClasspath,testCompileClasspath,testRuntimeClasspath
javax.annotation:javax.annotation-api:1.3.2=compileClasspath,runtimeClasspath,testCompileClasspath,testRuntimeClasspath
javax.cache:cache-api:1.0.0=compileClasspath,runtimeClasspath,testCompileClasspath,testRuntimeClasspath
javax.validation:validation-api:1.1.0.Final=testCompileClasspath,testRuntimeClasspath
junit:junit:4.12=testCompileClasspath,testRuntimeClasspath
net.bytebuddy:byte-buddy-agent:1.10.15=testCompileClasspath,testRuntimeClasspath
net.bytebuddy:byte-buddy:1.10.15=testCompileClasspath,testRuntimeClasspath
net.bytebuddy:byte-buddy:1.10.8=runtimeClasspath
net.minidev:accessors-smart:1.1=testCompileClasspath,testRuntimeClasspath
net.minidev:json-smart:2.2.1=testCompileClasspath,testRuntimeClasspath
nl.jqno.equalsverifier:equalsverifier:3.4.3=testCompileClasspath,testRuntimeClasspath
org.apache.commons:commons-lang3:3.11=compileClasspath,runtimeClasspath,testCompileClasspath,testRuntimeClasspath
org.apache.httpcomponents:httpclient:4.5.9=compileClasspath,runtimeClasspath,testCompileClasspath,testRuntimeClasspath
org.apache.httpcomponents:httpcore:4.4.11=compileClasspath,runtimeClasspath,testCompileClasspath,testRuntimeClasspath
org.apache.tomcat.embed:tomcat-embed-core:8.5.43=testCompileClasspath,testRuntimeClasspath
org.apache.tomcat.embed:tomcat-embed-el:8.5.43=testCompileClasspath,testRuntimeClasspath
org.apache.tomcat.embed:tomcat-embed-websocket:8.5.43=testCompileClasspath,testRuntimeClasspath
org.apache.tomcat:tomcat-annotations-api:8.5.43=testCompileClasspath,testRuntimeClasspath
org.assertj:assertj-core:3.17.2=testCompileClasspath,testRuntimeClasspath
org.ehcache:ehcache:3.2.3=compileClasspath,runtimeClasspath,testCompileClasspath,testRuntimeClasspath
org.hamcrest:hamcrest-core:1.3=testCompileClasspath,testRuntimeClasspath
org.hamcrest:hamcrest-library:1.3=testCompileClasspath,testRuntimeClasspath
org.hibernate:hibernate-validator:5.3.6.Final=testCompileClasspath,testRuntimeClasspath
org.jacoco:org.jacoco.agent:0.8.5=jacocoAgent,jacocoAnt
org.jacoco:org.jacoco.ant:0.8.5=jacocoAnt
org.jacoco:org.jacoco.core:0.8.5=jacocoAnt
org.jacoco:org.jacoco.report:0.8.5=jacocoAnt
org.jboss.logging:jboss-logging:3.3.2.Final=testCompileClasspath,testRuntimeClasspath
org.mockito:mockito-core:3.5.13=testCompileClasspath,testRuntimeClasspath
org.objenesis:objenesis:3.1=runtimeClasspath,testCompileClasspath,testRuntimeClasspath
org.ow2.asm:asm-analysis:7.2=jacocoAnt
org.ow2.asm:asm-commons:7.2=jacocoAnt
org.ow2.asm:asm-tree:7.2=jacocoAnt
org.ow2.asm:asm:5.0.3=testCompileClasspath,testRuntimeClasspath
org.ow2.asm:asm:7.2=jacocoAnt
org.skyscreamer:jsonassert:1.4.0=testCompileClasspath,testRuntimeClasspath
org.slf4j:jcl-over-slf4j:1.7.26=compileClasspath,runtimeClasspath,testCompileClasspath,testRuntimeClasspath
org.slf4j:jul-to-slf4j:1.7.26=compileClasspath,runtimeClasspath,testCompileClasspath,testRuntimeClasspath
org.slf4j:log4j-over-slf4j:1.7.26=compileClasspath,runtimeClasspath,testCompileClasspath,testRuntimeClasspath
org.slf4j:slf4j-api:1.7.26=compileClasspath,runtimeClasspath,testCompileClasspath,testRuntimeClasspath
org.springframework.boot:spring-boot-autoconfigure:1.5.22.RELEASE=compileClasspath,runtimeClasspath,testCompileClasspath,testRuntimeClasspath
org.springframework.boot:spring-boot-starter-cache:1.5.22.RELEASE=compileClasspath,runtimeClasspath,testCompileClasspath,testRuntimeClasspath
org.springframework.boot:spring-boot-starter-logging:1.5.22.RELEASE=compileClasspath,runtimeClasspath,testCompileClasspath,testRuntimeClasspath
org.springframework.boot:spring-boot-starter-test:1.5.22.RELEASE=testCompileClasspath,testRuntimeClasspath
org.springframework.boot:spring-boot-starter-tomcat:1.5.22.RELEASE=testCompileClasspath,testRuntimeClasspath
org.springframework.boot:spring-boot-starter-web:1.5.22.RELEASE=testCompileClasspath,testRuntimeClasspath
org.springframework.boot:spring-boot-starter:1.5.22.RELEASE=compileClasspath,runtimeClasspath,testCompileClasspath,testRuntimeClasspath
org.springframework.boot:spring-boot-test-autoconfigure:1.5.22.RELEASE=testCompileClasspath,testRuntimeClasspath
org.springframework.boot:spring-boot-test:1.5.22.RELEASE=testCompileClasspath,testRuntimeClasspath
org.springframework.boot:spring-boot:1.5.22.RELEASE=compileClasspath,runtimeClasspath,testCompileClasspath,testRuntimeClasspath
org.springframework:spring-aop:4.3.25.RELEASE=compileClasspath,runtimeClasspath,testCompileClasspath,testRuntimeClasspath
org.springframework:spring-beans:4.3.25.RELEASE=compileClasspath,runtimeClasspath,testCompileClasspath,testRuntimeClasspath
org.springframework:spring-context-support:4.3.25.RELEASE=compileClasspath,runtimeClasspath,testCompileClasspath,testRuntimeClasspath
org.springframework:spring-context:4.3.25.RELEASE=compileClasspath,runtimeClasspath,testCompileClasspath,testRuntimeClasspath
org.springframework:spring-core:4.3.25.RELEASE=compileClasspath,runtimeClasspath,testCompileClasspath,testRuntimeClasspath
org.springframework:spring-expression:4.3.25.RELEASE=compileClasspath,runtimeClasspath,testCompileClasspath,testRuntimeClasspath
org.springframework:spring-test:4.3.25.RELEASE=testCompileClasspath,testRuntimeClasspath
org.springframework:spring-web:4.3.25.RELEASE=compileClasspath,runtimeClasspath,testCompileClasspath,testRuntimeClasspath
org.springframework:spring-webmvc:4.3.25.RELEASE=testCompileClasspath,testRuntimeClasspath
org.yaml:snakeyaml:1.17=runtimeClasspath,testRuntimeClasspath
empty=annotationProcessor,testAnnotationProcessor
